# THIS IS AN AUTOGENERATED FILE. DO NOT EDIT THIS FILE DIRECTLY.
# yarn lockfile v1


"@types/google-protobuf@~3.7.0":
  version "3.7.4"
  resolved "https://registry.yarnpkg.com/@types/google-protobuf/-/google-protobuf-3.7.4.tgz#1621c50ceaf5aefa699851da8e0ea606a2943a39"
  integrity sha512-6PjMFKl13cgB4kRdYtvyjKl8VVa0PXS2IdVxHhQ8GEKbxBkyJtSbaIeK1eZGjDKN7dvUh4vkOvU9FMwYNv4GQQ==

"@types/node@~10.17.0":
  version "10.17.60"
  resolved "https://registry.yarnpkg.com/@types/node/-/node-10.17.60.tgz#35f3d6213daed95da7f0f73e75bcc6980e90597b"
  integrity sha512-F0KIgDJfy2nA3zMLmWGKxcH2ZVEtCZXHHdOQs2gSaQ27+lNeEfGxzkIw90aXswATX7AZ33tahPbzy6KAfUreVw==

google-protobuf@~3.14.0:
  version "3.14.0"
  resolved "https://registry.yarnpkg.com/google-protobuf/-/google-protobuf-3.14.0.tgz#20373d22046e63831a5110e11a84f713cc43651e"
  integrity sha512-bwa8dBuMpOxg7COyqkW6muQuvNnWgVN8TX/epDRGW5m0jcrmq2QJyCyiV8ZE2/6LaIIqJtiv9bYokFhfpy/o6w==

grpc-web@~1.0.5:
  version "1.0.7"
  resolved "https://registry.yarnpkg.com/grpc-web/-/grpc-web-1.0.7.tgz#9e4fbcf63d3734515332ab59e42baa7d0d290015"
  integrity sha512-Fkbz1nyvvt6GC6ODcxh9Fen6LLB3OTCgGHzHwM2Eni44SUhzqPz1UQgFp9sfBEfInOhx3yBdwo9ZLjZAmJ+TtA==

mock-xmlhttprequest@~2.0.0:
  version "2.0.0"
  resolved "https://registry.yarnpkg.com/mock-xmlhttprequest/-/mock-xmlhttprequest-2.0.0.tgz#c1a0108e4ace6da893f1e529e313f120229fb142"
  integrity sha512-8HYe7ZWbqVyDhCLexUdh8m9eSSOJutC1XjoCszmTFTehz8i6QQXCd1W2f1LuG8oB5X4bDZ4rKIiFO2AVbP5fZw==

typescript@^4.4.4:
  version "4.4.4"
  resolved "https://registry.yarnpkg.com/typescript/-/typescript-4.4.4.tgz#2cd01a1a1f160704d3101fd5a58ff0f9fcb8030c"
  integrity sha512-DqGhF5IKoBl8WNf8C1gu8q0xZSInh9j1kJJMqT3a94w1JzVaBU4EXOSMrz9yDqMT0xt3selp83fuFMQ0uzv6qA==
